
Microsoft Visual Studio Solution File, Format Version 12.00
# Visual Studio Version 16
VisualStudioVersion = 16.0.29411.108
MinimumVisualStudioVersion = 10.0.40219.1
Project("{9A19103F-16F7-4668-BE54-9A1E7A4F7556}") = "UnityAddon.Ef", "UnityAddon.Ef\UnityAddon.Ef.csproj", "{BD956561-5A90-4CB5-A59F-B53E2834F271}"
EndProject
Project("{9A19103F-16F7-4668-BE54-9A1E7A4F7556}") = "UnityAddon.EfTest", "UnityAddon.EfTest\UnityAddon.EfTest.csproj", "{2ED05DA1-869D-4ED7-A642-6820308C36AF}"
EndProject
Project("{9A19103F-16F7-4668-BE54-9A1E7A4F7556}") = "UnityAddon.Core", "UnityAddon.Core\UnityAddon.Core.csproj", "{C06223F5-72CA-40C3-9DD6-9F9D35E8DFE8}"
EndProject
Project("{9A19103F-16F7-4668-BE54-9A1E7A4F7556}") = "UnityAddon.CoreTest", "UnityAddon.CoreTest\UnityAddon.CoreTest.csproj", "{17CDFA9A-C940-4668-B37A-73E9595E0892}"
EndProject
Project("{9A19103F-16F7-4668-BE54-9A1E7A4F7556}") = "UnityAddon.Utilities", "UnityAddon.Utilities\UnityAddon.Utilities.csproj", "{2CE333B4-8003-47B2-80B5-0D92795DAED1}"
EndProject
Project("{9A19103F-16F7-4668-BE54-9A1E7A4F7556}") = "UnityAddon.UtilitiesTest", "UnityAddon.UtilitiesTest\UnityAddon.UtilitiesTest.csproj", "{69048F71-C3AA-4DE9-AE42-2559A6068F02}"
EndProject
Project("{9A19103F-16F7-4668-BE54-9A1E7A4F7556}") = "UnityAddon.Hangfire", "UnityAddon.Hangfire\UnityAddon.Hangfire.csproj", "{AB624B65-74E8-4380-8311-13AD43DECDDD}"
EndProject
Project("{FAE04EC0-301F-11D3-BF4B-00C04F79EFBC}") = "UnityAddon.HangfireTest", "UnityAddon.HangfireTest\UnityAddon.HangfireTest.csproj", "{47E2759F-65A8-46E8-9B7C-D6E6E0BF8B03}"
EndProject
Global
	GlobalSection(SolutionConfigurationPlatforms) = preSolution
		Debug|Any CPU = Debug|Any CPU
		Release|Any CPU = Release|Any CPU
	EndGlobalSection
	GlobalSection(ProjectConfigurationPlatforms) = postSolution
		{BD956561-5A90-4CB5-A59F-B53E2834F271}.Debug|Any CPU.ActiveCfg = Debug|Any CPU
		{BD956561-5A90-4CB5-A59F-B53E2834F271}.Debug|Any CPU.Build.0 = Debug|Any CPU
		{BD956561-5A90-4CB5-A59F-B53E2834F271}.Release|Any CPU.ActiveCfg = Release|Any CPU
		{BD956561-5A90-4CB5-A59F-B53E2834F271}.Release|Any CPU.Build.0 = Release|Any CPU
		{2ED05DA1-869D-4ED7-A642-6820308C36AF}.Debug|Any CPU.ActiveCfg = Debug|Any CPU
		{2ED05DA1-869D-4ED7-A642-6820308C36AF}.Debug|Any CPU.Build.0 = Debug|Any CPU
		{2ED05DA1-869D-4ED7-A642-6820308C36AF}.Release|Any CPU.ActiveCfg = Release|Any CPU
		{2ED05DA1-869D-4ED7-A642-6820308C36AF}.Release|Any CPU.Build.0 = Release|Any CPU
		{C06223F5-72CA-40C3-9DD6-9F9D35E8DFE8}.Debug|Any CPU.ActiveCfg = Debug|Any CPU
		{C06223F5-72CA-40C3-9DD6-9F9D35E8DFE8}.Debug|Any CPU.Build.0 = Debug|Any CPU
		{C06223F5-72CA-40C3-9DD6-9F9D35E8DFE8}.Release|Any CPU.ActiveCfg = Release|Any CPU
		{C06223F5-72CA-40C3-9DD6-9F9D35E8DFE8}.Release|Any CPU.Build.0 = Release|Any CPU
		{17CDFA9A-C940-4668-B37A-73E9595E0892}.Debug|Any CPU.ActiveCfg = Debug|Any CPU
		{17CDFA9A-C940-4668-B37A-73E9595E0892}.Debug|Any CPU.Build.0 = Debug|Any CPU
		{17CDFA9A-C940-4668-B37A-73E9595E0892}.Release|Any CPU.ActiveCfg = Release|Any CPU
		{17CDFA9A-C940-4668-B37A-73E9595E0892}.Release|Any CPU.Build.0 = Release|Any CPU
		{2CE333B4-8003-47B2-80B5-0D92795DAED1}.Debug|Any CPU.ActiveCfg = Debug|Any CPU
		{2CE333B4-8003-47B2-80B5-0D92795DAED1}.Debug|Any CPU.Build.0 = Debug|Any CPU
		{2CE333B4-8003-47B2-80B5-0D92795DAED1}.Release|Any CPU.ActiveCfg = Release|Any CPU
		{2CE333B4-8003-47B2-80B5-0D92795DAED1}.Release|Any CPU.Build.0 = Release|Any CPU
		{69048F71-C3AA-4DE9-AE42-2559A6068F02}.Debug|Any CPU.ActiveCfg = Debug|Any CPU
		{69048F71-C3AA-4DE9-AE42-2559A6068F02}.Debug|Any CPU.Build.0 = Debug|Any CPU
		{69048F71-C3AA-4DE9-AE42-2559A6068F02}.Release|Any CPU.ActiveCfg = Release|Any CPU
		{69048F71-C3AA-4DE9-AE42-2559A6068F02}.Release|Any CPU.Build.0 = Release|Any CPU
		{AB624B65-74E8-4380-8311-13AD43DECDDD}.Debug|Any CPU.ActiveCfg = Debug|Any CPU
		{AB624B65-74E8-4380-8311-13AD43DECDDD}.Debug|Any CPU.Build.0 = Debug|Any CPU
		{AB624B65-74E8-4380-8311-13AD43DECDDD}.Release|Any CPU.ActiveCfg = Release|Any CPU
		{AB624B65-74E8-4380-8311-13AD43DECDDD}.Release|Any CPU.Build.0 = Release|Any CPU
		{47E2759F-65A8-46E8-9B7C-D6E6E0BF8B03}.Debug|Any CPU.ActiveCfg = Debug|Any CPU
		{47E2759F-65A8-46E8-9B7C-D6E6E0BF8B03}.Debug|Any CPU.Build.0 = Debug|Any CPU
		{47E2759F-65A8-46E8-9B7C-D6E6E0BF8B03}.Release|Any CPU.ActiveCfg = Release|Any CPU
		{47E2759F-65A8-46E8-9B7C-D6E6E0BF8B03}.Release|Any CPU.Build.0 = Release|Any CPU
	EndGlobalSection
	GlobalSection(SolutionProperties) = preSolution
		HideSolutionNode = FALSE
	EndGlobalSection
	GlobalSection(ExtensibilityGlobals) = postSolution
		SolutionGuid = {EC2F7921-DB0C-4FBB-AD22-64AE84F3ABEE}
	EndGlobalSection
EndGlobal
