
Microsoft Visual Studio Solution File, Format Version 12.00
# Visual Studio 15
VisualStudioVersion = 15.0.28307.852
MinimumVisualStudioVersion = 10.0.40219.1
Project("{9A19103F-16F7-4668-BE54-9A1E7A4F7556}") = "UnityAddon", "UnityAddon\UnityAddon.csproj", "{8CF4D607-ABB3-4DA1-9EC9-9F8CC3AC383F}"
EndProject
Project("{9A19103F-16F7-4668-BE54-9A1E7A4F7556}") = "UnityAddonTest", "UnityAddonTest\UnityAddonTest.csproj", "{AC95BC3E-770C-4F5D-9083-B6EA074546C3}"
EndProject
Project("{9A19103F-16F7-4668-BE54-9A1E7A4F7556}") = "UnityAddon.Ef", "UnityAddon.Ef\UnityAddon.Ef.csproj", "{BD956561-5A90-4CB5-A59F-B53E2834F271}"
EndProject
Project("{FAE04EC0-301F-11D3-BF4B-00C04F79EFBC}") = "UnityAddon.EfTest", "UnityAddon.EfTest\UnityAddon.EfTest.csproj", "{2ED05DA1-869D-4ED7-A642-6820308C36AF}"
EndProject
Global
	GlobalSection(SolutionConfigurationPlatforms) = preSolution
		Debug|Any CPU = Debug|Any CPU
		Release|Any CPU = Release|Any CPU
	EndGlobalSection
	GlobalSection(ProjectConfigurationPlatforms) = postSolution
		{8CF4D607-ABB3-4DA1-9EC9-9F8CC3AC383F}.Debug|Any CPU.ActiveCfg = Debug|Any CPU
		{8CF4D607-ABB3-4DA1-9EC9-9F8CC3AC383F}.Debug|Any CPU.Build.0 = Debug|Any CPU
		{8CF4D607-ABB3-4DA1-9EC9-9F8CC3AC383F}.Release|Any CPU.ActiveCfg = Release|Any CPU
		{8CF4D607-ABB3-4DA1-9EC9-9F8CC3AC383F}.Release|Any CPU.Build.0 = Release|Any CPU
		{AC95BC3E-770C-4F5D-9083-B6EA074546C3}.Debug|Any CPU.ActiveCfg = Debug|Any CPU
		{AC95BC3E-770C-4F5D-9083-B6EA074546C3}.Debug|Any CPU.Build.0 = Debug|Any CPU
		{AC95BC3E-770C-4F5D-9083-B6EA074546C3}.Release|Any CPU.ActiveCfg = Release|Any CPU
		{AC95BC3E-770C-4F5D-9083-B6EA074546C3}.Release|Any CPU.Build.0 = Release|Any CPU
		{BD956561-5A90-4CB5-A59F-B53E2834F271}.Debug|Any CPU.ActiveCfg = Debug|Any CPU
		{BD956561-5A90-4CB5-A59F-B53E2834F271}.Debug|Any CPU.Build.0 = Debug|Any CPU
		{BD956561-5A90-4CB5-A59F-B53E2834F271}.Release|Any CPU.ActiveCfg = Release|Any CPU
		{BD956561-5A90-4CB5-A59F-B53E2834F271}.Release|Any CPU.Build.0 = Release|Any CPU
		{2ED05DA1-869D-4ED7-A642-6820308C36AF}.Debug|Any CPU.ActiveCfg = Debug|Any CPU
		{2ED05DA1-869D-4ED7-A642-6820308C36AF}.Debug|Any CPU.Build.0 = Debug|Any CPU
		{2ED05DA1-869D-4ED7-A642-6820308C36AF}.Release|Any CPU.ActiveCfg = Release|Any CPU
		{2ED05DA1-869D-4ED7-A642-6820308C36AF}.Release|Any CPU.Build.0 = Release|Any CPU
	EndGlobalSection
	GlobalSection(SolutionProperties) = preSolution
		HideSolutionNode = FALSE
	EndGlobalSection
	GlobalSection(ExtensibilityGlobals) = postSolution
		SolutionGuid = {EC2F7921-DB0C-4FBB-AD22-64AE84F3ABEE}
	EndGlobalSection
EndGlobal
